
Microsoft Visual Studio Solution File, Format Version 12.00
# Visual Studio Version 16
VisualStudioVersion = 16.0.29215.179
MinimumVisualStudioVersion = 10.0.40219.1
Project("{FAE04EC0-301F-11D3-BF4B-00C04F79EFBC}") = "Curso", "Curso\Curso.csproj", "{A3FCE4EE-B7EB-485F-9E65-7CBD7B18C571}"
EndProject
Project("{9A19103F-16F7-4668-BE54-9A1E7A4F7556}") = "RestauranteMVC", "RestauranteMVC\RestauranteMVC.csproj", "{A628AA4D-63F0-41D6-BB0E-CEABC90B0DA0}"
EndProject
Project("{FAE04EC0-301F-11D3-BF4B-00C04F79EFBC}") = "DBFIRS", "DBFIRS\DBFIRS.csproj", "{09574EC4-7BC1-4A27-B6E0-2B018AFA903C}"
EndProject
Project("{9A19103F-16F7-4668-BE54-9A1E7A4F7556}") = "Restaurante.Core", "Restaurante.Core\Restaurante.Core.csproj", "{FD156573-1CE7-4EC5-851E-942398CE43A9}"
EndProject
Project("{9A19103F-16F7-4668-BE54-9A1E7A4F7556}") = "Restaurante.Infrastructure", "Restaurante.Infrastructure\Restaurante.Infrastructure.csproj", "{9E4DAF02-0349-41A0-8FFE-208566784D3C}"
EndProject
Global
	GlobalSection(SolutionConfigurationPlatforms) = preSolution
		Debug|Any CPU = Debug|Any CPU
		Release|Any CPU = Release|Any CPU
	EndGlobalSection
	GlobalSection(ProjectConfigurationPlatforms) = postSolution
		{A3FCE4EE-B7EB-485F-9E65-7CBD7B18C571}.Debug|Any CPU.ActiveCfg = Debug|Any CPU
		{A3FCE4EE-B7EB-485F-9E65-7CBD7B18C571}.Debug|Any CPU.Build.0 = Debug|Any CPU
		{A3FCE4EE-B7EB-485F-9E65-7CBD7B18C571}.Release|Any CPU.ActiveCfg = Release|Any CPU
		{A3FCE4EE-B7EB-485F-9E65-7CBD7B18C571}.Release|Any CPU.Build.0 = Release|Any CPU
		{A628AA4D-63F0-41D6-BB0E-CEABC90B0DA0}.Debug|Any CPU.ActiveCfg = Debug|Any CPU
		{A628AA4D-63F0-41D6-BB0E-CEABC90B0DA0}.Debug|Any CPU.Build.0 = Debug|Any CPU
		{A628AA4D-63F0-41D6-BB0E-CEABC90B0DA0}.Release|Any CPU.ActiveCfg = Release|Any CPU
		{A628AA4D-63F0-41D6-BB0E-CEABC90B0DA0}.Release|Any CPU.Build.0 = Release|Any CPU
		{09574EC4-7BC1-4A27-B6E0-2B018AFA903C}.Debug|Any CPU.ActiveCfg = Debug|Any CPU
		{09574EC4-7BC1-4A27-B6E0-2B018AFA903C}.Debug|Any CPU.Build.0 = Debug|Any CPU
		{09574EC4-7BC1-4A27-B6E0-2B018AFA903C}.Release|Any CPU.ActiveCfg = Release|Any CPU
		{09574EC4-7BC1-4A27-B6E0-2B018AFA903C}.Release|Any CPU.Build.0 = Release|Any CPU
		{FD156573-1CE7-4EC5-851E-942398CE43A9}.Debug|Any CPU.ActiveCfg = Debug|Any CPU
		{FD156573-1CE7-4EC5-851E-942398CE43A9}.Debug|Any CPU.Build.0 = Debug|Any CPU
		{FD156573-1CE7-4EC5-851E-942398CE43A9}.Release|Any CPU.ActiveCfg = Release|Any CPU
		{FD156573-1CE7-4EC5-851E-942398CE43A9}.Release|Any CPU.Build.0 = Release|Any CPU
		{9E4DAF02-0349-41A0-8FFE-208566784D3C}.Debug|Any CPU.ActiveCfg = Debug|Any CPU
		{9E4DAF02-0349-41A0-8FFE-208566784D3C}.Debug|Any CPU.Build.0 = Debug|Any CPU
		{9E4DAF02-0349-41A0-8FFE-208566784D3C}.Release|Any CPU.ActiveCfg = Release|Any CPU
		{9E4DAF02-0349-41A0-8FFE-208566784D3C}.Release|Any CPU.Build.0 = Release|Any CPU
	EndGlobalSection
	GlobalSection(SolutionProperties) = preSolution
		HideSolutionNode = FALSE
	EndGlobalSection
	GlobalSection(ExtensibilityGlobals) = postSolution
		SolutionGuid = {3E98A57D-9A7E-403A-B981-50CBE5428786}
	EndGlobalSection
EndGlobal
